// !$*UTF8*$!
{
	archiveVersion = 1;
	classes = {
	};
	objectVersion = 46;
	objects = {

/* Begin PBXBuildFile section */
		364B644F1B0172A2009908D2 /* AppDelegate.swift in Sources */ = {isa = PBXBuildFile; fileRef = 364B644E1B0172A2009908D2 /* AppDelegate.swift */; };
		364B64511B0172A2009908D2 /* ViewController.swift in Sources */ = {isa = PBXBuildFile; fileRef = 364B64501B0172A2009908D2 /* ViewController.swift */; };
		364B64541B0172A2009908D2 /* Main.storyboard in Resources */ = {isa = PBXBuildFile; fileRef = 364B64521B0172A2009908D2 /* Main.storyboard */; };
		364B64561B0172A2009908D2 /* Images.xcassets in Resources */ = {isa = PBXBuildFile; fileRef = 364B64551B0172A2009908D2 /* Images.xcassets */; };
		364B64591B0172A2009908D2 /* LaunchScreen.xib in Resources */ = {isa = PBXBuildFile; fileRef = 364B64571B0172A2009908D2 /* LaunchScreen.xib */; };
		364B64651B0172A2009908D2 /* FirstWebAppTests.swift in Sources */ = {isa = PBXBuildFile; fileRef = 364B64641B0172A2009908D2 /* FirstWebAppTests.swift */; };
		364B646F1B018C2A009908D2 /* index.html in Resources */ = {isa = PBXBuildFile; fileRef = 364B646E1B018C2A009908D2 /* index.html */; };
		364B64711B029315009908D2 /* MyCss.css in Resources */ = {isa = PBXBuildFile; fileRef = 364B64701B029315009908D2 /* MyCss.css */; };
		364B64741B02954D009908D2 /* mainpage.html in Resources */ = {isa = PBXBuildFile; fileRef = 364B64731B02954D009908D2 /* mainpage.html */; };
		364B647E1B02C555009908D2 /* Website.html in Resources */ = {isa = PBXBuildFile; fileRef = 364B647D1B02C555009908D2 /* Website.html */; };
		364B64801B02C826009908D2 /* engage.png in Resources */ = {isa = PBXBuildFile; fileRef = 364B647F1B02C826009908D2 /* engage.png */; };
		364B64831B02DA0A009908D2 /* CardFlip.css in Resources */ = {isa = PBXBuildFile; fileRef = 364B64811B02DA0A009908D2 /* CardFlip.css */; };
		364B64841B02DA0A009908D2 /* CardFlip.js in Resources */ = {isa = PBXBuildFile; fileRef = 364B64821B02DA0A009908D2 /* CardFlip.js */; };
		364B64861B06A1CC009908D2 /* interface.js in Resources */ = {isa = PBXBuildFile; fileRef = 364B64851B06A1CC009908D2 /* interface.js */; };
		364B648C1B0A3BCF009908D2 /* app.css in Resources */ = {isa = PBXBuildFile; fileRef = 364B64881B0A3BCF009908D2 /* app.css */; };
		364B648D1B0A3BCF009908D2 /* bootstrap.css in Resources */ = {isa = PBXBuildFile; fileRef = 364B64891B0A3BCF009908D2 /* bootstrap.css */; };
		364B648E1B0A3BCF009908D2 /* controllers.js in Resources */ = {isa = PBXBuildFile; fileRef = 364B648A1B0A3BCF009908D2 /* controllers.js */; };
		364B648F1B0A3BCF009908D2 /* angular.js in Resources */ = {isa = PBXBuildFile; fileRef = 364B648B1B0A3BCF009908D2 /* angular.js */; };
/* End PBXBuildFile section */

/* Begin PBXContainerItemProxy section */
		364B645F1B0172A2009908D2 /* PBXContainerItemProxy */ = {
			isa = PBXContainerItemProxy;
			containerPortal = 364B64411B0172A1009908D2 /* Project object */;
			proxyType = 1;
			remoteGlobalIDString = 364B64481B0172A1009908D2;
			remoteInfo = FirstWebApp;
		};
/* End PBXContainerItemProxy section */

/* Begin PBXFileReference section */
		364B64491B0172A2009908D2 /* FirstWebApp.app */ = {isa = PBXFileReference; explicitFileType = wrapper.application; includeInIndex = 0; path = FirstWebApp.app; sourceTree = BUILT_PRODUCTS_DIR; };
		364B644D1B0172A2009908D2 /* Info.plist */ = {isa = PBXFileReference; lastKnownFileType = text.plist.xml; path = Info.plist; sourceTree = "<group>"; };
		364B644E1B0172A2009908D2 /* AppDelegate.swift */ = {isa = PBXFileReference; lastKnownFileType = sourcecode.swift; path = AppDelegate.swift; sourceTree = "<group>"; };
		364B64501B0172A2009908D2 /* ViewController.swift */ = {isa = PBXFileReference; lastKnownFileType = sourcecode.swift; path = ViewController.swift; sourceTree = "<group>"; };
		364B64531B0172A2009908D2 /* Base */ = {isa = PBXFileReference; lastKnownFileType = file.storyboard; name = Base; path = Base.lproj/Main.storyboard; sourceTree = "<group>"; };
		364B64551B0172A2009908D2 /* Images.xcassets */ = {isa = PBXFileReference; lastKnownFileType = folder.assetcatalog; path = Images.xcassets; sourceTree = "<group>"; };
		364B64581B0172A2009908D2 /* Base */ = {isa = PBXFileReference; lastKnownFileType = file.xib; name = Base; path = Base.lproj/LaunchScreen.xib; sourceTree = "<group>"; };
		364B645E1B0172A2009908D2 /* FirstWebAppTests.xctest */ = {isa = PBXFileReference; explicitFileType = wrapper.cfbundle; includeInIndex = 0; path = FirstWebAppTests.xctest; sourceTree = BUILT_PRODUCTS_DIR; };
		364B64631B0172A2009908D2 /* Info.plist */ = {isa = PBXFileReference; lastKnownFileType = text.plist.xml; path = Info.plist; sourceTree = "<group>"; };
		364B64641B0172A2009908D2 /* FirstWebAppTests.swift */ = {isa = PBXFileReference; lastKnownFileType = sourcecode.swift; path = FirstWebAppTests.swift; sourceTree = "<group>"; };
		364B646E1B018C2A009908D2 /* index.html */ = {isa = PBXFileReference; fileEncoding = 4; lastKnownFileType = text.html; path = index.html; sourceTree = "<group>"; };
		364B64701B029315009908D2 /* MyCss.css */ = {isa = PBXFileReference; fileEncoding = 4; lastKnownFileType = text.css; path = MyCss.css; sourceTree = "<group>"; };
		364B64731B02954D009908D2 /* mainpage.html */ = {isa = PBXFileReference; fileEncoding = 4; lastKnownFileType = text.html; path = mainpage.html; sourceTree = "<group>"; };
		364B647D1B02C555009908D2 /* Website.html */ = {isa = PBXFileReference; fileEncoding = 4; lastKnownFileType = text.html; path = Website.html; sourceTree = "<group>"; };
		364B647F1B02C826009908D2 /* engage.png */ = {isa = PBXFileReference; lastKnownFileType = image.png; path = engage.png; sourceTree = "<group>"; };
		364B64811B02DA0A009908D2 /* CardFlip.css */ = {isa = PBXFileReference; fileEncoding = 4; lastKnownFileType = text.css; path = CardFlip.css; sourceTree = "<group>"; };
		364B64821B02DA0A009908D2 /* CardFlip.js */ = {isa = PBXFileReference; fileEncoding = 4; lastKnownFileType = sourcecode.javascript; path = CardFlip.js; sourceTree = "<group>"; };
		364B64851B06A1CC009908D2 /* interface.js */ = {isa = PBXFileReference; fileEncoding = 4; lastKnownFileType = sourcecode.javascript; path = interface.js; sourceTree = "<group>"; };
		364B64881B0A3BCF009908D2 /* app.css */ = {isa = PBXFileReference; fileEncoding = 4; lastKnownFileType = text.css; path = app.css; sourceTree = "<group>"; };
		364B64891B0A3BCF009908D2 /* bootstrap.css */ = {isa = PBXFileReference; fileEncoding = 4; lastKnownFileType = text.css; path = bootstrap.css; sourceTree = "<group>"; };
		364B648A1B0A3BCF009908D2 /* controllers.js */ = {isa = PBXFileReference; fileEncoding = 4; lastKnownFileType = sourcecode.javascript; path = controllers.js; sourceTree = "<group>"; };
		364B648B1B0A3BCF009908D2 /* angular.js */ = {isa = PBXFileReference; fileEncoding = 4; lastKnownFileType = sourcecode.javascript; path = angular.js; sourceTree = "<group>"; };
/* End PBXFileReference section */

/* Begin PBXFrameworksBuildPhase section */
		364B64461B0172A1009908D2 /* Frameworks */ = {
			isa = PBXFrameworksBuildPhase;
			buildActionMask = 2147483647;
			files = (
			);
			runOnlyForDeploymentPostprocessing = 0;
		};
		364B645B1B0172A2009908D2 /* Frameworks */ = {
			isa = PBXFrameworksBuildPhase;
			buildActionMask = 2147483647;
			files = (
			);
			runOnlyForDeploymentPostprocessing = 0;
		};
/* End PBXFrameworksBuildPhase section */

/* Begin PBXGroup section */
		364B64401B0172A1009908D2 = {
			isa = PBXGroup;
			children = (
				364B644B1B0172A2009908D2 /* FirstWebApp */,
				364B64611B0172A2009908D2 /* FirstWebAppTests */,
				364B644A1B0172A2009908D2 /* Products */,
			);
			sourceTree = "<group>";
		};
		364B644A1B0172A2009908D2 /* Products */ = {
			isa = PBXGroup;
			children = (
				364B64491B0172A2009908D2 /* FirstWebApp.app */,
				364B645E1B0172A2009908D2 /* FirstWebAppTests.xctest */,
			);
			name = Products;
			sourceTree = "<group>";
		};
		364B644B1B0172A2009908D2 /* FirstWebApp */ = {
			isa = PBXGroup;
			children = (
				364B64881B0A3BCF009908D2 /* app.css */,
				364B64891B0A3BCF009908D2 /* bootstrap.css */,
				364B648A1B0A3BCF009908D2 /* controllers.js */,
				364B648B1B0A3BCF009908D2 /* angular.js */,
				364B64871B0A392A009908D2 /* js */,
				364B64811B02DA0A009908D2 /* CardFlip.css */,
				364B64821B02DA0A009908D2 /* CardFlip.js */,
				364B647D1B02C555009908D2 /* Website.html */,
				364B64701B029315009908D2 /* MyCss.css */,
				364B64721B029423009908D2 /* images */,
				364B644E1B0172A2009908D2 /* AppDelegate.swift */,
				364B64501B0172A2009908D2 /* ViewController.swift */,
				364B64521B0172A2009908D2 /* Main.storyboard */,
				364B64551B0172A2009908D2 /* Images.xcassets */,
				364B64571B0172A2009908D2 /* LaunchScreen.xib */,
				364B646E1B018C2A009908D2 /* index.html */,
				364B64851B06A1CC009908D2 /* interface.js */,
				364B644C1B0172A2009908D2 /* Supporting Files */,
				364B64731B02954D009908D2 /* mainpage.html */,
			);
			path = FirstWebApp;
			sourceTree = "<group>";
		};
		364B644C1B0172A2009908D2 /* Supporting Files */ = {
			isa = PBXGroup;
			children = (
				364B644D1B0172A2009908D2 /* Info.plist */,
			);
			name = "Supporting Files";
			sourceTree = "<group>";
		};
		364B64611B0172A2009908D2 /* FirstWebAppTests */ = {
			isa = PBXGroup;
			children = (
				364B64641B0172A2009908D2 /* FirstWebAppTests.swift */,
				364B64621B0172A2009908D2 /* Supporting Files */,
			);
			path = FirstWebAppTests;
			sourceTree = "<group>";
		};
		364B64621B0172A2009908D2 /* Supporting Files */ = {
			isa = PBXGroup;
			children = (
				364B64631B0172A2009908D2 /* Info.plist */,
			);
			name = "Supporting Files";
			sourceTree = "<group>";
		};
		364B64721B029423009908D2 /* images */ = {
			isa = PBXGroup;
			children = (
				364B647F1B02C826009908D2 /* engage.png */,
			);
			name = images;
			sourceTree = "<group>";
		};
		364B64871B0A392A009908D2 /* js */ = {
			isa = PBXGroup;
			children = (
			);
			name = js;
			sourceTree = "<group>";
		};
/* End PBXGroup section */

/* Begin PBXNativeTarget section */
		364B64481B0172A1009908D2 /* FirstWebApp */ = {
			isa = PBXNativeTarget;
			buildConfigurationList = 364B64681B0172A2009908D2 /* Build configuration list for PBXNativeTarget "FirstWebApp" */;
			buildPhases = (
				364B64451B0172A1009908D2 /* Sources */,
				364B64461B0172A1009908D2 /* Frameworks */,
				364B64471B0172A1009908D2 /* Resources */,
			);
			buildRules = (
			);
			dependencies = (
			);
			name = FirstWebApp;
			productName = FirstWebApp;
			productReference = 364B64491B0172A2009908D2 /* FirstWebApp.app */;
			productType = "com.apple.product-type.application";
		};
		364B645D1B0172A2009908D2 /* FirstWebAppTests */ = {
			isa = PBXNativeTarget;
			buildConfigurationList = 364B646B1B0172A2009908D2 /* Build configuration list for PBXNativeTarget "FirstWebAppTests" */;
			buildPhases = (
				364B645A1B0172A2009908D2 /* Sources */,
				364B645B1B0172A2009908D2 /* Frameworks */,
				364B645C1B0172A2009908D2 /* Resources */,
			);
			buildRules = (
			);
			dependencies = (
				364B64601B0172A2009908D2 /* PBXTargetDependency */,
			);
			name = FirstWebAppTests;
			productName = FirstWebAppTests;
			productReference = 364B645E1B0172A2009908D2 /* FirstWebAppTests.xctest */;
			productType = "com.apple.product-type.bundle.unit-test";
		};
/* End PBXNativeTarget section */

/* Begin PBXProject section */
		364B64411B0172A1009908D2 /* Project object */ = {
			isa = PBXProject;
			attributes = {
				LastUpgradeCheck = 0630;
				ORGANIZATIONNAME = chintan;
				TargetAttributes = {
					364B64481B0172A1009908D2 = {
						CreatedOnToolsVersion = 6.3.1;
						DevelopmentTeam = GP7CVK69K5;
					};
					364B645D1B0172A2009908D2 = {
						CreatedOnToolsVersion = 6.3.1;
						TestTargetID = 364B64481B0172A1009908D2;
					};
				};
			};
			buildConfigurationList = 364B64441B0172A1009908D2 /* Build configuration list for PBXProject "FirstWebApp" */;
			compatibilityVersion = "Xcode 3.2";
			developmentRegion = English;
			hasScannedForEncodings = 0;
			knownRegions = (
				en,
				Base,
			);
			mainGroup = 364B64401B0172A1009908D2;
			productRefGroup = 364B644A1B0172A2009908D2 /* Products */;
			projectDirPath = "";
			projectRoot = "";
			targets = (
				364B64481B0172A1009908D2 /* FirstWebApp */,
				364B645D1B0172A2009908D2 /* FirstWebAppTests */,
			);
		};
/* End PBXProject section */

/* Begin PBXResourcesBuildPhase section */
		364B64471B0172A1009908D2 /* Resources */ = {
			isa = PBXResourcesBuildPhase;
			buildActionMask = 2147483647;
			files = (
				364B64801B02C826009908D2 /* engage.png in Resources */,
				364B64841B02DA0A009908D2 /* CardFlip.js in Resources */,
				364B648D1B0A3BCF009908D2 /* bootstrap.css in Resources */,
				364B64711B029315009908D2 /* MyCss.css in Resources */,
				364B648C1B0A3BCF009908D2 /* app.css in Resources */,
				364B64541B0172A2009908D2 /* Main.storyboard in Resources */,
				364B648E1B0A3BCF009908D2 /* controllers.js in Resources */,
				364B648F1B0A3BCF009908D2 /* angular.js in Resources */,
				364B64741B02954D009908D2 /* mainpage.html in Resources */,
				364B646F1B018C2A009908D2 /* index.html in Resources */,
				364B64591B0172A2009908D2 /* LaunchScreen.xib in Resources */,
				364B64861B06A1CC009908D2 /* interface.js in Resources */,
				364B64561B0172A2009908D2 /* Images.xcassets in Resources */,
				364B647E1B02C555009908D2 /* Website.html in Resources */,
				364B64831B02DA0A009908D2 /* CardFlip.css in Resources */,
			);
			runOnlyForDeploymentPostprocessing = 0;
		};
		364B645C1B0172A2009908D2 /* Resources */ = {
			isa = PBXResourcesBuildPhase;
			buildActionMask = 2147483647;
			files = (
			);
			runOnlyForDeploymentPostprocessing = 0;
		};
/* End PBXResourcesBuildPhase section */

/* Begin PBXSourcesBuildPhase section */
		364B64451B0172A1009908D2 /* Sources */ = {
			isa = PBXSourcesBuildPhase;
			buildActionMask = 2147483647;
			files = (
				364B64511B0172A2009908D2 /* ViewController.swift in Sources */,
				364B644F1B0172A2009908D2 /* AppDelegate.swift in Sources */,
			);
			runOnlyForDeploymentPostprocessing = 0;
		};
		364B645A1B0172A2009908D2 /* Sources */ = {
			isa = PBXSourcesBuildPhase;
			buildActionMask = 2147483647;
			files = (
				364B64651B0172A2009908D2 /* FirstWebAppTests.swift in Sources */,
			);
			runOnlyForDeploymentPostprocessing = 0;
		};
/* End PBXSourcesBuildPhase section */

/* Begin PBXTargetDependency section */
		364B64601B0172A2009908D2 /* PBXTargetDependency */ = {
			isa = PBXTargetDependency;
			target = 364B64481B0172A1009908D2 /* FirstWebApp */;
			targetProxy = 364B645F1B0172A2009908D2 /* PBXContainerItemProxy */;
		};
/* End PBXTargetDependency section */

/* Begin PBXVariantGroup section */
		364B64521B0172A2009908D2 /* Main.storyboard */ = {
			isa = PBXVariantGroup;
			children = (
				364B64531B0172A2009908D2 /* Base */,
			);
			name = Main.storyboard;
			sourceTree = "<group>";
		};
		364B64571B0172A2009908D2 /* LaunchScreen.xib */ = {
			isa = PBXVariantGroup;
			children = (
				364B64581B0172A2009908D2 /* Base */,
			);
			name = LaunchScreen.xib;
			sourceTree = "<group>";
		};
/* End PBXVariantGroup section */

/* Begin XCBuildConfiguration section */
		364B64661B0172A2009908D2 /* Debug */ = {
			isa = XCBuildConfiguration;
			buildSettings = {
				ALWAYS_SEARCH_USER_PATHS = NO;
				CLANG_CXX_LANGUAGE_STANDARD = "gnu++0x";
				CLANG_CXX_LIBRARY = "libc++";
				CLANG_ENABLE_MODULES = YES;
				CLANG_ENABLE_OBJC_ARC = YES;
				CLANG_WARN_BOOL_CONVERSION = YES;
				CLANG_WARN_CONSTANT_CONVERSION = YES;
				CLANG_WARN_DIRECT_OBJC_ISA_USAGE = YES_ERROR;
				CLANG_WARN_EMPTY_BODY = YES;
				CLANG_WARN_ENUM_CONVERSION = YES;
				CLANG_WARN_INT_CONVERSION = YES;
				CLANG_WARN_OBJC_ROOT_CLASS = YES_ERROR;
				CLANG_WARN_UNREACHABLE_CODE = YES;
				CLANG_WARN__DUPLICATE_METHOD_MATCH = YES;
				"CODE_SIGN_IDENTITY[sdk=iphoneos*]" = "iPhone Developer";
				COPY_PHASE_STRIP = NO;
				DEBUG_INFORMATION_FORMAT = "dwarf-with-dsym";
				ENABLE_STRICT_OBJC_MSGSEND = YES;
				GCC_C_LANGUAGE_STANDARD = gnu99;
				GCC_DYNAMIC_NO_PIC = NO;
				GCC_NO_COMMON_BLOCKS = YES;
				GCC_OPTIMIZATION_LEVEL = 0;
				GCC_PREPROCESSOR_DEFINITIONS = (
					"DEBUG=1",
					"$(inherited)",
				);
				GCC_SYMBOLS_PRIVATE_EXTERN = NO;
				GCC_WARN_64_TO_32_BIT_CONVERSION = YES;
				GCC_WARN_ABOUT_RETURN_TYPE = YES_ERROR;
				GCC_WARN_UNDECLARED_SELECTOR = YES;
				GCC_WARN_UNINITIALIZED_AUTOS = YES_AGGRESSIVE;
				GCC_WARN_UNUSED_FUNCTION = YES;
				GCC_WARN_UNUSED_VARIABLE = YES;
				IPHONEOS_DEPLOYMENT_TARGET = 8.3;
				MTL_ENABLE_DEBUG_INFO = YES;
				ONLY_ACTIVE_ARCH = YES;
				SDKROOT = iphoneos;
				SWIFT_OPTIMIZATION_LEVEL = "-Onone";
			};
			name = Debug;
		};
		364B64671B0172A2009908D2 /* Release */ = {
			isa = XCBuildConfiguration;
			buildSettings = {
				ALWAYS_SEARCH_USER_PATHS = NO;
				CLANG_CXX_LANGUAGE_STANDARD = "gnu++0x";
				CLANG_CXX_LIBRARY = "libc++";
				CLANG_ENABLE_MODULES = YES;
				CLANG_ENABLE_OBJC_ARC = YES;
				CLANG_WARN_BOOL_CONVERSION = YES;
				CLANG_WARN_CONSTANT_CONVERSION = YES;
				CLANG_WARN_DIRECT_OBJC_ISA_USAGE = YES_ERROR;
				CLANG_WARN_EMPTY_BODY = YES;
				CLANG_WARN_ENUM_CONVERSION = YES;
				CLANG_WARN_INT_CONVERSION = YES;
				CLANG_WARN_OBJC_ROOT_CLASS = YES_ERROR;
				CLANG_WARN_UNREACHABLE_CODE = YES;
				CLANG_WARN__DUPLICATE_METHOD_MATCH = YES;
				"CODE_SIGN_IDENTITY[sdk=iphoneos*]" = "iPhone Developer";
				COPY_PHASE_STRIP = NO;
				DEBUG_INFORMATION_FORMAT = "dwarf-with-dsym";
				ENABLE_NS_ASSERTIONS = NO;
				ENABLE_STRICT_OBJC_MSGSEND = YES;
				GCC_C_LANGUAGE_STANDARD = gnu99;
				GCC_NO_COMMON_BLOCKS = YES;
				GCC_WARN_64_TO_32_BIT_CONVERSION = YES;
				GCC_WARN_ABOUT_RETURN_TYPE = YES_ERROR;
				GCC_WARN_UNDECLARED_SELECTOR = YES;
				GCC_WARN_UNINITIALIZED_AUTOS = YES_AGGRESSIVE;
				GCC_WARN_UNUSED_FUNCTION = YES;
				GCC_WARN_UNUSED_VARIABLE = YES;
				IPHONEOS_DEPLOYMENT_TARGET = 8.3;
				MTL_ENABLE_DEBUG_INFO = NO;
				SDKROOT = iphoneos;
				VALIDATE_PRODUCT = YES;
			};
			name = Release;
		};
		364B64691B0172A2009908D2 /* Debug */ = {
			isa = XCBuildConfiguration;
			buildSettings = {
				ASSETCATALOG_COMPILER_APPICON_NAME = AppIcon;
				CODE_SIGN_IDENTITY = "iPhone Developer";
				"CODE_SIGN_IDENTITY[sdk=iphoneos*]" = "iPhone Developer";
				INFOPLIST_FILE = FirstWebApp/Info.plist;
				IPHONEOS_DEPLOYMENT_TARGET = 8.3;
				LD_RUNPATH_SEARCH_PATHS = "$(inherited) @executable_path/Frameworks";
				PRODUCT_NAME = "$(TARGET_NAME)";
				PROVISIONING_PROFILE = "";
				TARGETED_DEVICE_FAMILY = 1;
			};
			name = Debug;
		};
		364B646A1B0172A2009908D2 /* Release */ = {
			isa = XCBuildConfiguration;
			buildSettings = {
				ASSETCATALOG_COMPILER_APPICON_NAME = AppIcon;
				CODE_SIGN_IDENTITY = "iPhone Developer";
				"CODE_SIGN_IDENTITY[sdk=iphoneos*]" = "iPhone Developer";
				INFOPLIST_FILE = FirstWebApp/Info.plist;
				IPHONEOS_DEPLOYMENT_TARGET = 8.3;
				LD_RUNPATH_SEARCH_PATHS = "$(inherited) @executable_path/Frameworks";
				PRODUCT_NAME = "$(TARGET_NAME)";
				PROVISIONING_PROFILE = "";
				TARGETED_DEVICE_FAMILY = 1;
			};
			name = Release;
		};
		364B646C1B0172A2009908D2 /* Debug */ = {
			isa = XCBuildConfiguration;
			buildSettings = {
				BUNDLE_LOADER = "$(TEST_HOST)";
				FRAMEWORK_SEARCH_PATHS = (
					"$(SDKROOT)/Developer/Library/Frameworks",
					"$(inherited)",
				);
				GCC_PREPROCESSOR_DEFINITIONS = (
					"DEBUG=1",
					"$(inherited)",
				);
				INFOPLIST_FILE = FirstWebAppTests/Info.plist;
				LD_RUNPATH_SEARCH_PATHS = "$(inherited) @executable_path/Frameworks @loader_path/Frameworks";
				PRODUCT_NAME = "$(TARGET_NAME)";
				TEST_HOST = "$(BUILT_PRODUCTS_DIR)/FirstWebApp.app/FirstWebApp";
			};
			name = Debug;
		};
		364B646D1B0172A2009908D2 /* Release */ = {
			isa = XCBuildConfiguration;
			buildSettings = {
				BUNDLE_LOADER = "$(TEST_HOST)";
				FRAMEWORK_SEARCH_PATHS = (
					"$(SDKROOT)/Developer/Library/Frameworks",
					"$(inherited)",
				);
				INFOPLIST_FILE = FirstWebAppTests/Info.plist;
				LD_RUNPATH_SEARCH_PATHS = "$(inherited) @executable_path/Frameworks @loader_path/Frameworks";
				PRODUCT_NAME = "$(TARGET_NAME)";
				TEST_HOST = "$(BUILT_PRODUCTS_DIR)/FirstWebApp.app/FirstWebApp";
			};
			name = Release;
		};
/* End XCBuildConfiguration section */

/* Begin XCConfigurationList section */
		364B64441B0172A1009908D2 /* Build configuration list for PBXProject "FirstWebApp" */ = {
			isa = XCConfigurationList;
			buildConfigurations = (
				364B64661B0172A2009908D2 /* Debug */,
				364B64671B0172A2009908D2 /* Release */,
			);
			defaultConfigurationIsVisible = 0;
			defaultConfigurationName = Release;
		};
		364B64681B0172A2009908D2 /* Build configuration list for PBXNativeTarget "FirstWebApp" */ = {
			isa = XCConfigurationList;
			buildConfigurations = (
				364B64691B0172A2009908D2 /* Debug */,
				364B646A1B0172A2009908D2 /* Release */,
			);
			defaultConfigurationIsVisible = 0;
		};
		364B646B1B0172A2009908D2 /* Build configuration list for PBXNativeTarget "FirstWebAppTests" */ = {
			isa = XCConfigurationList;
			buildConfigurations = (
				364B646C1B0172A2009908D2 /* Debug */,
				364B646D1B0172A2009908D2 /* Release */,
			);
			defaultConfigurationIsVisible = 0;
		};
/* End XCConfigurationList section */
	};
	rootObject = 364B64411B0172A1009908D2 /* Project object */;
}
